PODS:
  - Alamofire (4.5.1)
  - AMap3DMap-NO-IDFA (5.3.0):
    - AMapFoundation-NO-IDFA (~> 1.3)
  - AMapFoundation-NO-IDFA (1.4.2)
  - AMapLocation-NO-IDFA (2.4.0):
    - AMapFoundation-NO-IDFA (~> 1.4)
  - AMapSearch-NO-IDFA (5.3.0):
    - AMapFoundation-NO-IDFA (~> 1.2)
  - JCore (1.1.5)
  - JPush (3.0.6):
    - JCore (~> 1.1.1)
  - SnapKit (3.2.0)
  - SVProgressHUD (2.2)
  - SwiftyJSON (3.1.4)

DEPENDENCIES:
  - Alamofire
  - AMap3DMap-NO-IDFA
  - AMapLocation-NO-IDFA
  - AMapSearch-NO-IDFA
  - JPush
  - SnapKit (~> 3.2.0)
  - SVProgressHUD
  - SwiftyJSON

SPEC CHECKSUMS:
  Alamofire: 2d95912bf4c34f164fdfc335872e8c312acaea4a
  AMap3DMap-NO-IDFA: 20c58f579e570fbd05242c6b0255bb32f2d6c719
  AMapFoundation-NO-IDFA: 3b9ce87abc6a37c718cc320687469d0b74d5c953
  AMapLocation-NO-IDFA: 9493012d3241a7d551942c7c1e1069b51f295083
  AMapSearch-NO-IDFA: eb0f9b424e6c3cdcb0e8c656e9622e8d0ee54238
  JCore: 9bd9c770c877c583d98b90a68792b8361974c231
  JPush: c41be50eb1a574a66aeb68d237f00a4ec6ec3a82
  SnapKit: 1ca44df72cfa543218d177cb8aab029d10d86ea7
  SVProgressHUD: 3f37f3409ddb15f35c99315ae7dc33c474aa3256
  SwiftyJSON: c2842d878f95482ffceec5709abc3d05680c0220

PODFILE CHECKSUM: 61d8cd3540e2730d42ce1ef6b3e28e1996fc17c5

COCOAPODS: 1.2.1
